
Microsoft Visual Studio Solution File, Format Version 9.00
# Visual Studio 2005
Project("{FAE04EC0-301F-11D3-BF4B-00C04F79EFBC}") = "SumandoNumeros", "SumandoNumeros\SumandoNumeros.csproj", "{D20ABC09-E7F1-4439-9BCD-E154503F2ABB}"
EndProject
Project("{FAE04EC0-301F-11D3-BF4B-00C04F79EFBC}") = "Probando", "Probando\Probando.csproj", "{A969F718-5DC7-4C12-9131-17B04B7CAB4A}"
EndProject
Global
	GlobalSection(SolutionConfigurationPlatforms) = preSolution
		Debug|Any CPU = Debug|Any CPU
		Release|Any CPU = Release|Any CPU
	EndGlobalSection
	GlobalSection(ProjectConfigurationPlatforms) = postSolution
		{D20ABC09-E7F1-4439-9BCD-E154503F2ABB}.Debug|Any CPU.ActiveCfg = Debug|Any CPU
		{D20ABC09-E7F1-4439-9BCD-E154503F2ABB}.Debug|Any CPU.Build.0 = Debug|Any CPU
		{D20ABC09-E7F1-4439-9BCD-E154503F2ABB}.Release|Any CPU.ActiveCfg = Release|Any CPU
		{D20ABC09-E7F1-4439-9BCD-E154503F2ABB}.Release|Any CPU.Build.0 = Release|Any CPU
		{A969F718-5DC7-4C12-9131-17B04B7CAB4A}.Debug|Any CPU.ActiveCfg = Debug|Any CPU
		{A969F718-5DC7-4C12-9131-17B04B7CAB4A}.Debug|Any CPU.Build.0 = Debug|Any CPU
		{A969F718-5DC7-4C12-9131-17B04B7CAB4A}.Release|Any CPU.ActiveCfg = Release|Any CPU
		{A969F718-5DC7-4C12-9131-17B04B7CAB4A}.Release|Any CPU.Build.0 = Release|Any CPU
	EndGlobalSection
	GlobalSection(SolutionProperties) = preSolution
		HideSolutionNode = FALSE
	EndGlobalSection
EndGlobal
