
Microsoft Visual Studio Solution File, Format Version 12.00
# Visual Studio 2012
Project("{FAE04EC0-301F-11D3-BF4B-00C04F79EFBC}") = "Weboo.ExamenExtraordinario", "Weboo.ExamenExtraordinario\Weboo.ExamenExtraordinario.csproj", "{77296C14-FB42-45BD-BDC8-F109ECA70A0B}"
EndProject
Project("{FAE04EC0-301F-11D3-BF4B-00C04F79EFBC}") = "Weboo.ExamenExtraordinario.Tester", "Weboo.ExamenExtraordinario.Tester\Weboo.ExamenExtraordinario.Tester.csproj", "{237D27D3-7485-4959-B0AB-130635D44AE3}"
EndProject
Global
	GlobalSection(SolutionConfigurationPlatforms) = preSolution
		Debug|Any CPU = Debug|Any CPU
		Release|Any CPU = Release|Any CPU
	EndGlobalSection
	GlobalSection(ProjectConfigurationPlatforms) = postSolution
		{77296C14-FB42-45BD-BDC8-F109ECA70A0B}.Debug|Any CPU.ActiveCfg = Debug|Any CPU
		{77296C14-FB42-45BD-BDC8-F109ECA70A0B}.Debug|Any CPU.Build.0 = Debug|Any CPU
		{77296C14-FB42-45BD-BDC8-F109ECA70A0B}.Release|Any CPU.ActiveCfg = Release|Any CPU
		{77296C14-FB42-45BD-BDC8-F109ECA70A0B}.Release|Any CPU.Build.0 = Release|Any CPU
		{237D27D3-7485-4959-B0AB-130635D44AE3}.Debug|Any CPU.ActiveCfg = Debug|Any CPU
		{237D27D3-7485-4959-B0AB-130635D44AE3}.Debug|Any CPU.Build.0 = Debug|Any CPU
		{237D27D3-7485-4959-B0AB-130635D44AE3}.Release|Any CPU.ActiveCfg = Release|Any CPU
		{237D27D3-7485-4959-B0AB-130635D44AE3}.Release|Any CPU.Build.0 = Release|Any CPU
	EndGlobalSection
	GlobalSection(SolutionProperties) = preSolution
		HideSolutionNode = FALSE
	EndGlobalSection
EndGlobal
