
Microsoft Visual Studio Solution File, Format Version 11.00
# Visual Studio 2010

Project("{FAE04EC0-301F-11D3-BF4B-00C04F79EFBC}") = "Weboo.Examen", "Weboo.Examen\Weboo.Examen.csproj", "{451FE03B-264D-46E5-85B4-3779FEA06949}"
EndProject
Project("{FAE04EC0-301F-11D3-BF4B-00C04F79EFBC}") = "TestApp", "TestApp\TestApp.csproj", "{28C01ED2-0AA1-44C2-BC59-BDF54B456109}"
EndProject
Global
	GlobalSection(SolutionConfigurationPlatforms) = preSolution
		Debug|Any CPU = Debug|Any CPU
		Release|Any CPU = Release|Any CPU
	EndGlobalSection
	GlobalSection(ProjectConfigurationPlatforms) = postSolution
		{451FE03B-264D-46E5-85B4-3779FEA06949}.Debug|Any CPU.ActiveCfg = Debug|Any CPU
		{451FE03B-264D-46E5-85B4-3779FEA06949}.Debug|Any CPU.Build.0 = Debug|Any CPU
		{451FE03B-264D-46E5-85B4-3779FEA06949}.Release|Any CPU.ActiveCfg = Release|Any CPU
		{451FE03B-264D-46E5-85B4-3779FEA06949}.Release|Any CPU.Build.0 = Release|Any CPU
		{28C01ED2-0AA1-44C2-BC59-BDF54B456109}.Debug|Any CPU.ActiveCfg = Debug|Any CPU
		{28C01ED2-0AA1-44C2-BC59-BDF54B456109}.Debug|Any CPU.Build.0 = Debug|Any CPU
		{28C01ED2-0AA1-44C2-BC59-BDF54B456109}.Release|Any CPU.ActiveCfg = Release|Any CPU
		{28C01ED2-0AA1-44C2-BC59-BDF54B456109}.Release|Any CPU.Build.0 = Release|Any CPU
	EndGlobalSection
	GlobalSection(SolutionProperties) = preSolution
		HideSolutionNode = FALSE
	EndGlobalSection
EndGlobal
