
Microsoft Visual Studio Solution File, Format Version 12.00
# Visual Studio Version 16
VisualStudioVersion = 16.0.30114.105
MinimumVisualStudioVersion = 10.0.40219.1
Project("{FAE04EC0-301F-11D3-BF4B-00C04F79EFBC}") = "Exam", "Exam\Exam.csproj", "{90C656A6-0D42-4A95-989E-A099AF0C9972}"
EndProject
Project("{FAE04EC0-301F-11D3-BF4B-00C04F79EFBC}") = "FoodRebellion", "FoodRebellion\FoodRebellion.csproj", "{E4C28A47-C5BE-4DA0-A8A5-73D5B82F4D96}"
EndProject
Global
	GlobalSection(SolutionConfigurationPlatforms) = preSolution
		Debug|Any CPU = Debug|Any CPU
		Release|Any CPU = Release|Any CPU
	EndGlobalSection
	GlobalSection(SolutionProperties) = preSolution
		HideSolutionNode = FALSE
	EndGlobalSection
	GlobalSection(ProjectConfigurationPlatforms) = postSolution
		{90C656A6-0D42-4A95-989E-A099AF0C9972}.Debug|Any CPU.ActiveCfg = Debug|Any CPU
		{90C656A6-0D42-4A95-989E-A099AF0C9972}.Debug|Any CPU.Build.0 = Debug|Any CPU
		{90C656A6-0D42-4A95-989E-A099AF0C9972}.Release|Any CPU.ActiveCfg = Release|Any CPU
		{90C656A6-0D42-4A95-989E-A099AF0C9972}.Release|Any CPU.Build.0 = Release|Any CPU
		{E4C28A47-C5BE-4DA0-A8A5-73D5B82F4D96}.Debug|Any CPU.ActiveCfg = Debug|Any CPU
		{E4C28A47-C5BE-4DA0-A8A5-73D5B82F4D96}.Debug|Any CPU.Build.0 = Debug|Any CPU
		{E4C28A47-C5BE-4DA0-A8A5-73D5B82F4D96}.Release|Any CPU.ActiveCfg = Release|Any CPU
		{E4C28A47-C5BE-4DA0-A8A5-73D5B82F4D96}.Release|Any CPU.Build.0 = Release|Any CPU
	EndGlobalSection
EndGlobal
