
Microsoft Visual Studio Solution File, Format Version 9.00
# Visual Studio 2005
Project("{FAE04EC0-301F-11D3-BF4B-00C04F79EFBC}") = "Redondeando", "Redondeando\Redondeando.csproj", "{401CB0FF-F922-4E87-9ED8-EC51E460E4BB}"
EndProject
Global
	GlobalSection(SolutionConfigurationPlatforms) = preSolution
		Debug|Any CPU = Debug|Any CPU
		Release|Any CPU = Release|Any CPU
	EndGlobalSection
	GlobalSection(ProjectConfigurationPlatforms) = postSolution
		{401CB0FF-F922-4E87-9ED8-EC51E460E4BB}.Debug|Any CPU.ActiveCfg = Debug|Any CPU
		{401CB0FF-F922-4E87-9ED8-EC51E460E4BB}.Debug|Any CPU.Build.0 = Debug|Any CPU
		{401CB0FF-F922-4E87-9ED8-EC51E460E4BB}.Release|Any CPU.ActiveCfg = Release|Any CPU
		{401CB0FF-F922-4E87-9ED8-EC51E460E4BB}.Release|Any CPU.Build.0 = Release|Any CPU
	EndGlobalSection
	GlobalSection(SolutionProperties) = preSolution
		HideSolutionNode = FALSE
	EndGlobalSection
EndGlobal
