
Microsoft Visual Studio Solution File, Format Version 12.00
# Visual Studio Version 17
VisualStudioVersion = 17.5.002.0
MinimumVisualStudioVersion = 10.0.40219.1
Project("{9A19103F-16F7-4668-BE54-9A1E7A4F7556}") = "prueba", "prueba.csproj", "{EF3138AA-82BE-4127-A207-DF943255DC67}"
EndProject
Global
	GlobalSection(SolutionConfigurationPlatforms) = preSolution
		Debug|Any CPU = Debug|Any CPU
		Release|Any CPU = Release|Any CPU
	EndGlobalSection
	GlobalSection(ProjectConfigurationPlatforms) = postSolution
		{EF3138AA-82BE-4127-A207-DF943255DC67}.Debug|Any CPU.ActiveCfg = Debug|Any CPU
		{EF3138AA-82BE-4127-A207-DF943255DC67}.Debug|Any CPU.Build.0 = Debug|Any CPU
		{EF3138AA-82BE-4127-A207-DF943255DC67}.Release|Any CPU.ActiveCfg = Release|Any CPU
		{EF3138AA-82BE-4127-A207-DF943255DC67}.Release|Any CPU.Build.0 = Release|Any CPU
	EndGlobalSection
	GlobalSection(SolutionProperties) = preSolution
		HideSolutionNode = FALSE
	EndGlobalSection
	GlobalSection(ExtensibilityGlobals) = postSolution
		SolutionGuid = {885DC59B-9C3C-488C-BFA9-4E8D2C052C76}
	EndGlobalSection
EndGlobal
